
Microsoft Visual Studio Solution File, Format Version 12.00
# Visual Studio Version 17
VisualStudioVersion = 17.9.34723.18
MinimumVisualStudioVersion = 10.0.40219.1
Project("{FAE04EC0-301F-11D3-BF4B-00C04F79EFBC}") = "Funzioni e array", ".\ConsoleApp4\Funzioni e array.csproj", "{81E2AED7-A752-4FC8-9443-91CEF8A442D8}"
EndProject
Project("{FAE04EC0-301F-11D3-BF4B-00C04F79EFBC}") = "Persona", ".\ConsoleApp5\Persona.csproj", "{2605B82C-4BA5-4848-974D-85CE051F2B96}"
EndProject
Global
	GlobalSection(SolutionConfigurationPlatforms) = preSolution
		Debug|Any CPU = Debug|Any CPU
		Debug|x64 = Debug|x64
		Debug|x86 = Debug|x86
		Release|Any CPU = Release|Any CPU
		Release|x64 = Release|x64
		Release|x86 = Release|x86
	EndGlobalSection
	GlobalSection(ProjectConfigurationPlatforms) = postSolution
		{81E2AED7-A752-4FC8-9443-91CEF8A442D8}.Debug|Any CPU.ActiveCfg = Debug|Any CPU
		{81E2AED7-A752-4FC8-9443-91CEF8A442D8}.Debug|Any CPU.Build.0 = Debug|Any CPU
		{81E2AED7-A752-4FC8-9443-91CEF8A442D8}.Debug|x64.ActiveCfg = Debug|Any CPU
		{81E2AED7-A752-4FC8-9443-91CEF8A442D8}.Debug|x64.Build.0 = Debug|Any CPU
		{81E2AED7-A752-4FC8-9443-91CEF8A442D8}.Debug|x86.ActiveCfg = Debug|Any CPU
		{81E2AED7-A752-4FC8-9443-91CEF8A442D8}.Debug|x86.Build.0 = Debug|Any CPU
		{81E2AED7-A752-4FC8-9443-91CEF8A442D8}.Release|Any CPU.ActiveCfg = Release|Any CPU
		{81E2AED7-A752-4FC8-9443-91CEF8A442D8}.Release|Any CPU.Build.0 = Release|Any CPU
		{81E2AED7-A752-4FC8-9443-91CEF8A442D8}.Release|x64.ActiveCfg = Release|Any CPU
		{81E2AED7-A752-4FC8-9443-91CEF8A442D8}.Release|x64.Build.0 = Release|Any CPU
		{81E2AED7-A752-4FC8-9443-91CEF8A442D8}.Release|x86.ActiveCfg = Release|Any CPU
		{81E2AED7-A752-4FC8-9443-91CEF8A442D8}.Release|x86.Build.0 = Release|Any CPU
		{2605B82C-4BA5-4848-974D-85CE051F2B96}.Debug|Any CPU.ActiveCfg = Debug|Any CPU
		{2605B82C-4BA5-4848-974D-85CE051F2B96}.Debug|Any CPU.Build.0 = Debug|Any CPU
		{2605B82C-4BA5-4848-974D-85CE051F2B96}.Debug|x64.ActiveCfg = Debug|Any CPU
		{2605B82C-4BA5-4848-974D-85CE051F2B96}.Debug|x64.Build.0 = Debug|Any CPU
		{2605B82C-4BA5-4848-974D-85CE051F2B96}.Debug|x86.ActiveCfg = Debug|Any CPU
		{2605B82C-4BA5-4848-974D-85CE051F2B96}.Debug|x86.Build.0 = Debug|Any CPU
		{2605B82C-4BA5-4848-974D-85CE051F2B96}.Release|Any CPU.ActiveCfg = Release|Any CPU
		{2605B82C-4BA5-4848-974D-85CE051F2B96}.Release|Any CPU.Build.0 = Release|Any CPU
		{2605B82C-4BA5-4848-974D-85CE051F2B96}.Release|x64.ActiveCfg = Release|Any CPU
		{2605B82C-4BA5-4848-974D-85CE051F2B96}.Release|x64.Build.0 = Release|Any CPU
		{2605B82C-4BA5-4848-974D-85CE051F2B96}.Release|x86.ActiveCfg = Release|Any CPU
		{2605B82C-4BA5-4848-974D-85CE051F2B96}.Release|x86.Build.0 = Release|Any CPU
	EndGlobalSection
	GlobalSection(SolutionProperties) = preSolution
		HideSolutionNode = FALSE
	EndGlobalSection
	GlobalSection(ExtensibilityGlobals) = postSolution
		SolutionGuid = {2D11BE3C-78E1-4F61-911E-D2524107A913}
	EndGlobalSection
EndGlobal
