
Microsoft Visual Studio Solution File, Format Version 12.00
# Visual Studio Version 17
VisualStudioVersion = 17.9.34723.18
MinimumVisualStudioVersion = 10.0.40219.1
Project("{FAE04EC0-301F-11D3-BF4B-00C04F79EFBC}") = "Funzioni e array", "ConsoleApp4\Funzioni e array.csproj", "{81E2AED7-A752-4FC8-9443-91CEF8A442D8}"
EndProject
Project("{FAE04EC0-301F-11D3-BF4B-00C04F79EFBC}") = "Classi ed ereditarieta - Persona", "ConsoleApp5\Classi ed ereditarieta - Persona.csproj", "{2605B82C-4BA5-4848-974D-85CE051F2B96}"
EndProject
Project("{9A19103F-16F7-4668-BE54-9A1E7A4F7556}") = "Linq", "Linq\Linq.csproj", "{C449AA7A-7A5B-4D6D-B7C3-984A58FA54F0}"
EndProject
Project("{9A19103F-16F7-4668-BE54-9A1E7A4F7556}") = "Esercizi di vincenzo -Ereditarieta", "Esercizi di vincenzo\Esercizi di vincenzo -Ereditarieta.csproj", "{A46B440B-1B21-4E4C-8457-53B41C10D571}"
EndProject
Project("{FAE04EC0-301F-11D3-BF4B-00C04F79EFBC}") = "Esercizi di Vincenzo -Ereditarieta 2", "Esercizi Vincenzo2\Esercizi di Vincenzo -Ereditarieta 2.csproj", "{7C647741-B156-45CC-8110-0707A559DF77}"
EndProject
Project("{FAE04EC0-301F-11D3-BF4B-00C04F79EFBC}") = "ClassiVirtuali", "ClassiVirtuali\ClassiVirtuali.csproj", "{321462E2-A49C-405E-930A-55B651B26FEB}"
EndProject
Project("{2150E333-8FDC-42A3-9474-1A3956D46DE8}") = "NewFolder1", "NewFolder1", "{C8671B62-B516-4E68-8CB8-4D133152E92C}"
EndProject
Global
	GlobalSection(SolutionConfigurationPlatforms) = preSolution
		Debug|Any CPU = Debug|Any CPU
		Debug|x64 = Debug|x64
		Debug|x86 = Debug|x86
		Release|Any CPU = Release|Any CPU
		Release|x64 = Release|x64
		Release|x86 = Release|x86
	EndGlobalSection
	GlobalSection(ProjectConfigurationPlatforms) = postSolution
		{81E2AED7-A752-4FC8-9443-91CEF8A442D8}.Debug|Any CPU.ActiveCfg = Debug|Any CPU
		{81E2AED7-A752-4FC8-9443-91CEF8A442D8}.Debug|Any CPU.Build.0 = Debug|Any CPU
		{81E2AED7-A752-4FC8-9443-91CEF8A442D8}.Debug|x64.ActiveCfg = Debug|Any CPU
		{81E2AED7-A752-4FC8-9443-91CEF8A442D8}.Debug|x64.Build.0 = Debug|Any CPU
		{81E2AED7-A752-4FC8-9443-91CEF8A442D8}.Debug|x86.ActiveCfg = Debug|Any CPU
		{81E2AED7-A752-4FC8-9443-91CEF8A442D8}.Debug|x86.Build.0 = Debug|Any CPU
		{81E2AED7-A752-4FC8-9443-91CEF8A442D8}.Release|Any CPU.ActiveCfg = Release|Any CPU
		{81E2AED7-A752-4FC8-9443-91CEF8A442D8}.Release|Any CPU.Build.0 = Release|Any CPU
		{81E2AED7-A752-4FC8-9443-91CEF8A442D8}.Release|x64.ActiveCfg = Release|Any CPU
		{81E2AED7-A752-4FC8-9443-91CEF8A442D8}.Release|x64.Build.0 = Release|Any CPU
		{81E2AED7-A752-4FC8-9443-91CEF8A442D8}.Release|x86.ActiveCfg = Release|Any CPU
		{81E2AED7-A752-4FC8-9443-91CEF8A442D8}.Release|x86.Build.0 = Release|Any CPU
		{2605B82C-4BA5-4848-974D-85CE051F2B96}.Debug|Any CPU.ActiveCfg = Debug|Any CPU
		{2605B82C-4BA5-4848-974D-85CE051F2B96}.Debug|Any CPU.Build.0 = Debug|Any CPU
		{2605B82C-4BA5-4848-974D-85CE051F2B96}.Debug|x64.ActiveCfg = Debug|Any CPU
		{2605B82C-4BA5-4848-974D-85CE051F2B96}.Debug|x64.Build.0 = Debug|Any CPU
		{2605B82C-4BA5-4848-974D-85CE051F2B96}.Debug|x86.ActiveCfg = Debug|Any CPU
		{2605B82C-4BA5-4848-974D-85CE051F2B96}.Debug|x86.Build.0 = Debug|Any CPU
		{2605B82C-4BA5-4848-974D-85CE051F2B96}.Release|Any CPU.ActiveCfg = Release|Any CPU
		{2605B82C-4BA5-4848-974D-85CE051F2B96}.Release|Any CPU.Build.0 = Release|Any CPU
		{2605B82C-4BA5-4848-974D-85CE051F2B96}.Release|x64.ActiveCfg = Release|Any CPU
		{2605B82C-4BA5-4848-974D-85CE051F2B96}.Release|x64.Build.0 = Release|Any CPU
		{2605B82C-4BA5-4848-974D-85CE051F2B96}.Release|x86.ActiveCfg = Release|Any CPU
		{2605B82C-4BA5-4848-974D-85CE051F2B96}.Release|x86.Build.0 = Release|Any CPU
		{C449AA7A-7A5B-4D6D-B7C3-984A58FA54F0}.Debug|Any CPU.ActiveCfg = Debug|Any CPU
		{C449AA7A-7A5B-4D6D-B7C3-984A58FA54F0}.Debug|Any CPU.Build.0 = Debug|Any CPU
		{C449AA7A-7A5B-4D6D-B7C3-984A58FA54F0}.Debug|x64.ActiveCfg = Debug|Any CPU
		{C449AA7A-7A5B-4D6D-B7C3-984A58FA54F0}.Debug|x64.Build.0 = Debug|Any CPU
		{C449AA7A-7A5B-4D6D-B7C3-984A58FA54F0}.Debug|x86.ActiveCfg = Debug|Any CPU
		{C449AA7A-7A5B-4D6D-B7C3-984A58FA54F0}.Debug|x86.Build.0 = Debug|Any CPU
		{C449AA7A-7A5B-4D6D-B7C3-984A58FA54F0}.Release|Any CPU.ActiveCfg = Release|Any CPU
		{C449AA7A-7A5B-4D6D-B7C3-984A58FA54F0}.Release|Any CPU.Build.0 = Release|Any CPU
		{C449AA7A-7A5B-4D6D-B7C3-984A58FA54F0}.Release|x64.ActiveCfg = Release|Any CPU
		{C449AA7A-7A5B-4D6D-B7C3-984A58FA54F0}.Release|x64.Build.0 = Release|Any CPU
		{C449AA7A-7A5B-4D6D-B7C3-984A58FA54F0}.Release|x86.ActiveCfg = Release|Any CPU
		{C449AA7A-7A5B-4D6D-B7C3-984A58FA54F0}.Release|x86.Build.0 = Release|Any CPU
		{A46B440B-1B21-4E4C-8457-53B41C10D571}.Debug|Any CPU.ActiveCfg = Debug|Any CPU
		{A46B440B-1B21-4E4C-8457-53B41C10D571}.Debug|Any CPU.Build.0 = Debug|Any CPU
		{A46B440B-1B21-4E4C-8457-53B41C10D571}.Debug|x64.ActiveCfg = Debug|Any CPU
		{A46B440B-1B21-4E4C-8457-53B41C10D571}.Debug|x64.Build.0 = Debug|Any CPU
		{A46B440B-1B21-4E4C-8457-53B41C10D571}.Debug|x86.ActiveCfg = Debug|Any CPU
		{A46B440B-1B21-4E4C-8457-53B41C10D571}.Debug|x86.Build.0 = Debug|Any CPU
		{A46B440B-1B21-4E4C-8457-53B41C10D571}.Release|Any CPU.ActiveCfg = Release|Any CPU
		{A46B440B-1B21-4E4C-8457-53B41C10D571}.Release|Any CPU.Build.0 = Release|Any CPU
		{A46B440B-1B21-4E4C-8457-53B41C10D571}.Release|x64.ActiveCfg = Release|Any CPU
		{A46B440B-1B21-4E4C-8457-53B41C10D571}.Release|x64.Build.0 = Release|Any CPU
		{A46B440B-1B21-4E4C-8457-53B41C10D571}.Release|x86.ActiveCfg = Release|Any CPU
		{A46B440B-1B21-4E4C-8457-53B41C10D571}.Release|x86.Build.0 = Release|Any CPU
		{7C647741-B156-45CC-8110-0707A559DF77}.Debug|Any CPU.ActiveCfg = Debug|Any CPU
		{7C647741-B156-45CC-8110-0707A559DF77}.Debug|Any CPU.Build.0 = Debug|Any CPU
		{7C647741-B156-45CC-8110-0707A559DF77}.Debug|x64.ActiveCfg = Debug|Any CPU
		{7C647741-B156-45CC-8110-0707A559DF77}.Debug|x64.Build.0 = Debug|Any CPU
		{7C647741-B156-45CC-8110-0707A559DF77}.Debug|x86.ActiveCfg = Debug|Any CPU
		{7C647741-B156-45CC-8110-0707A559DF77}.Debug|x86.Build.0 = Debug|Any CPU
		{7C647741-B156-45CC-8110-0707A559DF77}.Release|Any CPU.ActiveCfg = Release|Any CPU
		{7C647741-B156-45CC-8110-0707A559DF77}.Release|Any CPU.Build.0 = Release|Any CPU
		{7C647741-B156-45CC-8110-0707A559DF77}.Release|x64.ActiveCfg = Release|Any CPU
		{7C647741-B156-45CC-8110-0707A559DF77}.Release|x64.Build.0 = Release|Any CPU
		{7C647741-B156-45CC-8110-0707A559DF77}.Release|x86.ActiveCfg = Release|Any CPU
		{7C647741-B156-45CC-8110-0707A559DF77}.Release|x86.Build.0 = Release|Any CPU
		{321462E2-A49C-405E-930A-55B651B26FEB}.Debug|Any CPU.ActiveCfg = Debug|Any CPU
		{321462E2-A49C-405E-930A-55B651B26FEB}.Debug|Any CPU.Build.0 = Debug|Any CPU
		{321462E2-A49C-405E-930A-55B651B26FEB}.Debug|x64.ActiveCfg = Debug|Any CPU
		{321462E2-A49C-405E-930A-55B651B26FEB}.Debug|x64.Build.0 = Debug|Any CPU
		{321462E2-A49C-405E-930A-55B651B26FEB}.Debug|x86.ActiveCfg = Debug|Any CPU
		{321462E2-A49C-405E-930A-55B651B26FEB}.Debug|x86.Build.0 = Debug|Any CPU
		{321462E2-A49C-405E-930A-55B651B26FEB}.Release|Any CPU.ActiveCfg = Release|Any CPU
		{321462E2-A49C-405E-930A-55B651B26FEB}.Release|Any CPU.Build.0 = Release|Any CPU
		{321462E2-A49C-405E-930A-55B651B26FEB}.Release|x64.ActiveCfg = Release|Any CPU
		{321462E2-A49C-405E-930A-55B651B26FEB}.Release|x64.Build.0 = Release|Any CPU
		{321462E2-A49C-405E-930A-55B651B26FEB}.Release|x86.ActiveCfg = Release|Any CPU
		{321462E2-A49C-405E-930A-55B651B26FEB}.Release|x86.Build.0 = Release|Any CPU
	EndGlobalSection
	GlobalSection(SolutionProperties) = preSolution
		HideSolutionNode = FALSE
	EndGlobalSection
	GlobalSection(NestedProjects) = preSolution
		{A46B440B-1B21-4E4C-8457-53B41C10D571} = {C8671B62-B516-4E68-8CB8-4D133152E92C}
		{7C647741-B156-45CC-8110-0707A559DF77} = {C8671B62-B516-4E68-8CB8-4D133152E92C}
	EndGlobalSection
	GlobalSection(ExtensibilityGlobals) = postSolution
		SolutionGuid = {2D11BE3C-78E1-4F61-911E-D2524107A913}
	EndGlobalSection
EndGlobal
